// !$*UTF8*$!
{
	archiveVersion = 1;
	classes = {
	};
	objectVersion = 50;
	objects = {

/* Begin PBXBuildFile section */
		CF2F154424A56EC1008D917D /* AppDelegate.swift in Sources */ = {isa = PBXBuildFile; fileRef = CF2F154324A56EC1008D917D /* AppDelegate.swift */; };
		CF2F154624A56EC1008D917D /* SceneDelegate.swift in Sources */ = {isa = PBXBuildFile; fileRef = CF2F154524A56EC1008D917D /* SceneDelegate.swift */; };
		CF2F154824A56EC1008D917D /* ViewController.swift in Sources */ = {isa = PBXBuildFile; fileRef = CF2F154724A56EC1008D917D /* ViewController.swift */; };
		CF2F154B24A56EC1008D917D /* Main.storyboard in Resources */ = {isa = PBXBuildFile; fileRef = CF2F154924A56EC1008D917D /* Main.storyboard */; };
		CF2F154D24A56EC2008D917D /* Assets.xcassets in Resources */ = {isa = PBXBuildFile; fileRef = CF2F154C24A56EC2008D917D /* Assets.xcassets */; };
		CF2F155024A56EC2008D917D /* LaunchScreen.storyboard in Resources */ = {isa = PBXBuildFile; fileRef = CF2F154E24A56EC2008D917D /* LaunchScreen.storyboard */; };
		CF2F155B24A56EC2008D917D /* NotesApp_Rakshith_C0776530Tests.swift in Sources */ = {isa = PBXBuildFile; fileRef = CF2F155A24A56EC2008D917D /* NotesApp_Rakshith_C0776530Tests.swift */; };
		CF2F156624A56EC2008D917D /* NotesApp_Rakshith_C0776530UITests.swift in Sources */ = {isa = PBXBuildFile; fileRef = CF2F156524A56EC2008D917D /* NotesApp_Rakshith_C0776530UITests.swift */; };
/* End PBXBuildFile section */

/* Begin PBXContainerItemProxy section */
		CF2F155724A56EC2008D917D /* PBXContainerItemProxy */ = {
			isa = PBXContainerItemProxy;
			containerPortal = CF2F153824A56EC1008D917D /* Project object */;
			proxyType = 1;
			remoteGlobalIDString = CF2F153F24A56EC1008D917D;
			remoteInfo = NotesApp_Rakshith_C0776530;
		};
		CF2F156224A56EC2008D917D /* PBXContainerItemProxy */ = {
			isa = PBXContainerItemProxy;
			containerPortal = CF2F153824A56EC1008D917D /* Project object */;
			proxyType = 1;
			remoteGlobalIDString = CF2F153F24A56EC1008D917D;
			remoteInfo = NotesApp_Rakshith_C0776530;
		};
/* End PBXContainerItemProxy section */

/* Begin PBXFileReference section */
		CF2F154024A56EC1008D917D /* NotesApp_Rakshith_C0776530.app */ = {isa = PBXFileReference; explicitFileType = wrapper.application; includeInIndex = 0; path = NotesApp_Rakshith_C0776530.app; sourceTree = BUILT_PRODUCTS_DIR; };
		CF2F154324A56EC1008D917D /* AppDelegate.swift */ = {isa = PBXFileReference; lastKnownFileType = sourcecode.swift; path = AppDelegate.swift; sourceTree = "<group>"; };
		CF2F154524A56EC1008D917D /* SceneDelegate.swift */ = {isa = PBXFileReference; lastKnownFileType = sourcecode.swift; path = SceneDelegate.swift; sourceTree = "<group>"; };
		CF2F154724A56EC1008D917D /* ViewController.swift */ = {isa = PBXFileReference; lastKnownFileType = sourcecode.swift; path = ViewController.swift; sourceTree = "<group>"; };
		CF2F154A24A56EC1008D917D /* Base */ = {isa = PBXFileReference; lastKnownFileType = file.storyboard; name = Base; path = Base.lproj/Main.storyboard; sourceTree = "<group>"; };
		CF2F154C24A56EC2008D917D /* Assets.xcassets */ = {isa = PBXFileReference; lastKnownFileType = folder.assetcatalog; path = Assets.xcassets; sourceTree = "<group>"; };
		CF2F154F24A56EC2008D917D /* Base */ = {isa = PBXFileReference; lastKnownFileType = file.storyboard; name = Base; path = Base.lproj/LaunchScreen.storyboard; sourceTree = "<group>"; };
		CF2F155124A56EC2008D917D /* Info.plist */ = {isa = PBXFileReference; lastKnownFileType = text.plist.xml; path = Info.plist; sourceTree = "<group>"; };
		CF2F155624A56EC2008D917D /* NotesApp_Rakshith_C0776530Tests.xctest */ = {isa = PBXFileReference; explicitFileType = wrapper.cfbundle; includeInIndex = 0; path = NotesApp_Rakshith_C0776530Tests.xctest; sourceTree = BUILT_PRODUCTS_DIR; };
		CF2F155A24A56EC2008D917D /* NotesApp_Rakshith_C0776530Tests.swift */ = {isa = PBXFileReference; lastKnownFileType = sourcecode.swift; path = NotesApp_Rakshith_C0776530Tests.swift; sourceTree = "<group>"; };
		CF2F155C24A56EC2008D917D /* Info.plist */ = {isa = PBXFileReference; lastKnownFileType = text.plist.xml; path = Info.plist; sourceTree = "<group>"; };
		CF2F156124A56EC2008D917D /* NotesApp_Rakshith_C0776530UITests.xctest */ = {isa = PBXFileReference; explicitFileType = wrapper.cfbundle; includeInIndex = 0; path = NotesApp_Rakshith_C0776530UITests.xctest; sourceTree = BUILT_PRODUCTS_DIR; };
		CF2F156524A56EC2008D917D /* NotesApp_Rakshith_C0776530UITests.swift */ = {isa = PBXFileReference; lastKnownFileType = sourcecode.swift; path = NotesApp_Rakshith_C0776530UITests.swift; sourceTree = "<group>"; };
		CF2F156724A56EC2008D917D /* Info.plist */ = {isa = PBXFileReference; lastKnownFileType = text.plist.xml; path = Info.plist; sourceTree = "<group>"; };
/* End PBXFileReference section */

/* Begin PBXFrameworksBuildPhase section */
		CF2F153D24A56EC1008D917D /* Frameworks */ = {
			isa = PBXFrameworksBuildPhase;
			buildActionMask = 2147483647;
			files = (
			);
			runOnlyForDeploymentPostprocessing = 0;
		};
		CF2F155324A56EC2008D917D /* Frameworks */ = {
			isa = PBXFrameworksBuildPhase;
			buildActionMask = 2147483647;
			files = (
			);
			runOnlyForDeploymentPostprocessing = 0;
		};
		CF2F155E24A56EC2008D917D /* Frameworks */ = {
			isa = PBXFrameworksBuildPhase;
			buildActionMask = 2147483647;
			files = (
			);
			runOnlyForDeploymentPostprocessing = 0;
		};
/* End PBXFrameworksBuildPhase section */

/* Begin PBXGroup section */
		CF2F153724A56EC1008D917D = {
			isa = PBXGroup;
			children = (
				CF2F154224A56EC1008D917D /* NotesApp_Rakshith_C0776530 */,
				CF2F155924A56EC2008D917D /* NotesApp_Rakshith_C0776530Tests */,
				CF2F156424A56EC2008D917D /* NotesApp_Rakshith_C0776530UITests */,
				CF2F154124A56EC1008D917D /* Products */,
			);
			sourceTree = "<group>";
		};
		CF2F154124A56EC1008D917D /* Products */ = {
			isa = PBXGroup;
			children = (
				CF2F154024A56EC1008D917D /* NotesApp_Rakshith_C0776530.app */,
				CF2F155624A56EC2008D917D /* NotesApp_Rakshith_C0776530Tests.xctest */,
				CF2F156124A56EC2008D917D /* NotesApp_Rakshith_C0776530UITests.xctest */,
			);
			name = Products;
			sourceTree = "<group>";
		};
		CF2F154224A56EC1008D917D /* NotesApp_Rakshith_C0776530 */ = {
			isa = PBXGroup;
			children = (
				CF2F154324A56EC1008D917D /* AppDelegate.swift */,
				CF2F154524A56EC1008D917D /* SceneDelegate.swift */,
				CF2F154724A56EC1008D917D /* ViewController.swift */,
				CF2F154924A56EC1008D917D /* Main.storyboard */,
				CF2F154C24A56EC2008D917D /* Assets.xcassets */,
				CF2F154E24A56EC2008D917D /* LaunchScreen.storyboard */,
				CF2F155124A56EC2008D917D /* Info.plist */,
			);
			path = NotesApp_Rakshith_C0776530;
			sourceTree = "<group>";
		};
		CF2F155924A56EC2008D917D /* NotesApp_Rakshith_C0776530Tests */ = {
			isa = PBXGroup;
			children = (
				CF2F155A24A56EC2008D917D /* NotesApp_Rakshith_C0776530Tests.swift */,
				CF2F155C24A56EC2008D917D /* Info.plist */,
			);
			path = NotesApp_Rakshith_C0776530Tests;
			sourceTree = "<group>";
		};
		CF2F156424A56EC2008D917D /* NotesApp_Rakshith_C0776530UITests */ = {
			isa = PBXGroup;
			children = (
				CF2F156524A56EC2008D917D /* NotesApp_Rakshith_C0776530UITests.swift */,
				CF2F156724A56EC2008D917D /* Info.plist */,
			);
			path = NotesApp_Rakshith_C0776530UITests;
			sourceTree = "<group>";
		};
/* End PBXGroup section */

/* Begin PBXNativeTarget section */
		CF2F153F24A56EC1008D917D /* NotesApp_Rakshith_C0776530 */ = {
			isa = PBXNativeTarget;
			buildConfigurationList = CF2F156A24A56EC2008D917D /* Build configuration list for PBXNativeTarget "NotesApp_Rakshith_C0776530" */;
			buildPhases = (
				CF2F153C24A56EC1008D917D /* Sources */,
				CF2F153D24A56EC1008D917D /* Frameworks */,
				CF2F153E24A56EC1008D917D /* Resources */,
			);
			buildRules = (
			);
			dependencies = (
			);
			name = NotesApp_Rakshith_C0776530;
			productName = NotesApp_Rakshith_C0776530;
			productReference = CF2F154024A56EC1008D917D /* NotesApp_Rakshith_C0776530.app */;
			productType = "com.apple.product-type.application";
		};
		CF2F155524A56EC2008D917D /* NotesApp_Rakshith_C0776530Tests */ = {
			isa = PBXNativeTarget;
			buildConfigurationList = CF2F156D24A56EC2008D917D /* Build configuration list for PBXNativeTarget "NotesApp_Rakshith_C0776530Tests" */;
			buildPhases = (
				CF2F155224A56EC2008D917D /* Sources */,
				CF2F155324A56EC2008D917D /* Frameworks */,
				CF2F155424A56EC2008D917D /* Resources */,
			);
			buildRules = (
			);
			dependencies = (
				CF2F155824A56EC2008D917D /* PBXTargetDependency */,
			);
			name = NotesApp_Rakshith_C0776530Tests;
			productName = NotesApp_Rakshith_C0776530Tests;
			productReference = CF2F155624A56EC2008D917D /* NotesApp_Rakshith_C0776530Tests.xctest */;
			productType = "com.apple.product-type.bundle.unit-test";
		};
		CF2F156024A56EC2008D917D /* NotesApp_Rakshith_C0776530UITests */ = {
			isa = PBXNativeTarget;
			buildConfigurationList = CF2F157024A56EC2008D917D /* Build configuration list for PBXNativeTarget "NotesApp_Rakshith_C0776530UITests" */;
			buildPhases = (
				CF2F155D24A56EC2008D917D /* Sources */,
				CF2F155E24A56EC2008D917D /* Frameworks */,
				CF2F155F24A56EC2008D917D /* Resources */,
			);
			buildRules = (
			);
			dependencies = (
				CF2F156324A56EC2008D917D /* PBXTargetDependency */,
			);
			name = NotesApp_Rakshith_C0776530UITests;
			productName = NotesApp_Rakshith_C0776530UITests;
			productReference = CF2F156124A56EC2008D917D /* NotesApp_Rakshith_C0776530UITests.xctest */;
			productType = "com.apple.product-type.bundle.ui-testing";
		};
/* End PBXNativeTarget section */

/* Begin PBXProject section */
		CF2F153824A56EC1008D917D /* Project object */ = {
			isa = PBXProject;
			attributes = {
				LastSwiftUpdateCheck = 1150;
				LastUpgradeCheck = 1150;
				ORGANIZATIONNAME = rakshith;
				TargetAttributes = {
					CF2F153F24A56EC1008D917D = {
						CreatedOnToolsVersion = 11.5;
					};
					CF2F155524A56EC2008D917D = {
						CreatedOnToolsVersion = 11.5;
						TestTargetID = CF2F153F24A56EC1008D917D;
					};
					CF2F156024A56EC2008D917D = {
						CreatedOnToolsVersion = 11.5;
						TestTargetID = CF2F153F24A56EC1008D917D;
					};
				};
			};
			buildConfigurationList = CF2F153B24A56EC1008D917D /* Build configuration list for PBXProject "NotesApp_Rakshith_C0776530" */;
			compatibilityVersion = "Xcode 9.3";
			developmentRegion = en;
			hasScannedForEncodings = 0;
			knownRegions = (
				en,
				Base,
			);
			mainGroup = CF2F153724A56EC1008D917D;
			productRefGroup = CF2F154124A56EC1008D917D /* Products */;
			projectDirPath = "";
			projectRoot = "";
			targets = (
				CF2F153F24A56EC1008D917D /* NotesApp_Rakshith_C0776530 */,
				CF2F155524A56EC2008D917D /* NotesApp_Rakshith_C0776530Tests */,
				CF2F156024A56EC2008D917D /* NotesApp_Rakshith_C0776530UITests */,
			);
		};
/* End PBXProject section */

/* Begin PBXResourcesBuildPhase section */
		CF2F153E24A56EC1008D917D /* Resources */ = {
			isa = PBXResourcesBuildPhase;
			buildActionMask = 2147483647;
			files = (
				CF2F155024A56EC2008D917D /* LaunchScreen.storyboard in Resources */,
				CF2F154D24A56EC2008D917D /* Assets.xcassets in Resources */,
				CF2F154B24A56EC1008D917D /* Main.storyboard in Resources */,
			);
			runOnlyForDeploymentPostprocessing = 0;
		};
		CF2F155424A56EC2008D917D /* Resources */ = {
			isa = PBXResourcesBuildPhase;
			buildActionMask = 2147483647;
			files = (
			);
			runOnlyForDeploymentPostprocessing = 0;
		};
		CF2F155F24A56EC2008D917D /* Resources */ = {
			isa = PBXResourcesBuildPhase;
			buildActionMask = 2147483647;
			files = (
			);
			runOnlyForDeploymentPostprocessing = 0;
		};
/* End PBXResourcesBuildPhase section */

/* Begin PBXSourcesBuildPhase section */
		CF2F153C24A56EC1008D917D /* Sources */ = {
			isa = PBXSourcesBuildPhase;
			buildActionMask = 2147483647;
			files = (
				CF2F154824A56EC1008D917D /* ViewController.swift in Sources */,
				CF2F154424A56EC1008D917D /* AppDelegate.swift in Sources */,
				CF2F154624A56EC1008D917D /* SceneDelegate.swift in Sources */,
			);
			runOnlyForDeploymentPostprocessing = 0;
		};
		CF2F155224A56EC2008D917D /* Sources */ = {
			isa = PBXSourcesBuildPhase;
			buildActionMask = 2147483647;
			files = (
				CF2F155B24A56EC2008D917D /* NotesApp_Rakshith_C0776530Tests.swift in Sources */,
			);
			runOnlyForDeploymentPostprocessing = 0;
		};
		CF2F155D24A56EC2008D917D /* Sources */ = {
			isa = PBXSourcesBuildPhase;
			buildActionMask = 2147483647;
			files = (
				CF2F156624A56EC2008D917D /* NotesApp_Rakshith_C0776530UITests.swift in Sources */,
			);
			runOnlyForDeploymentPostprocessing = 0;
		};
/* End PBXSourcesBuildPhase section */

/* Begin PBXTargetDependency section */
		CF2F155824A56EC2008D917D /* PBXTargetDependency */ = {
			isa = PBXTargetDependency;
			target = CF2F153F24A56EC1008D917D /* NotesApp_Rakshith_C0776530 */;
			targetProxy = CF2F155724A56EC2008D917D /* PBXContainerItemProxy */;
		};
		CF2F156324A56EC2008D917D /* PBXTargetDependency */ = {
			isa = PBXTargetDependency;
			target = CF2F153F24A56EC1008D917D /* NotesApp_Rakshith_C0776530 */;
			targetProxy = CF2F156224A56EC2008D917D /* PBXContainerItemProxy */;
		};
/* End PBXTargetDependency section */

/* Begin PBXVariantGroup section */
		CF2F154924A56EC1008D917D /* Main.storyboard */ = {
			isa = PBXVariantGroup;
			children = (
				CF2F154A24A56EC1008D917D /* Base */,
			);
			name = Main.storyboard;
			sourceTree = "<group>";
		};
		CF2F154E24A56EC2008D917D /* LaunchScreen.storyboard */ = {
			isa = PBXVariantGroup;
			children = (
				CF2F154F24A56EC2008D917D /* Base */,
			);
			name = LaunchScreen.storyboard;
			sourceTree = "<group>";
		};
/* End PBXVariantGroup section */

/* Begin XCBuildConfiguration section */
		CF2F156824A56EC2008D917D /* Debug */ = {
			isa = XCBuildConfiguration;
			buildSettings = {
				ALWAYS_SEARCH_USER_PATHS = NO;
				CLANG_ANALYZER_NONNULL = YES;
				CLANG_ANALYZER_NUMBER_OBJECT_CONVERSION = YES_AGGRESSIVE;
				CLANG_CXX_LANGUAGE_STANDARD = "gnu++14";
				CLANG_CXX_LIBRARY = "libc++";
				CLANG_ENABLE_MODULES = YES;
				CLANG_ENABLE_OBJC_ARC = YES;
				CLANG_ENABLE_OBJC_WEAK = YES;
				CLANG_WARN_BLOCK_CAPTURE_AUTORELEASING = YES;
				CLANG_WARN_BOOL_CONVERSION = YES;
				CLANG_WARN_COMMA = YES;
				CLANG_WARN_CONSTANT_CONVERSION = YES;
				CLANG_WARN_DEPRECATED_OBJC_IMPLEMENTATIONS = YES;
				CLANG_WARN_DIRECT_OBJC_ISA_USAGE = YES_ERROR;
				CLANG_WARN_DOCUMENTATION_COMMENTS = YES;
				CLANG_WARN_EMPTY_BODY = YES;
				CLANG_WARN_ENUM_CONVERSION = YES;
				CLANG_WARN_INFINITE_RECURSION = YES;
				CLANG_WARN_INT_CONVERSION = YES;
				CLANG_WARN_NON_LITERAL_NULL_CONVERSION = YES;
				CLANG_WARN_OBJC_IMPLICIT_RETAIN_SELF = YES;
				CLANG_WARN_OBJC_LITERAL_CONVERSION = YES;
				CLANG_WARN_OBJC_ROOT_CLASS = YES_ERROR;
				CLANG_WARN_RANGE_LOOP_ANALYSIS = YES;
				CLANG_WARN_STRICT_PROTOTYPES = YES;
				CLANG_WARN_SUSPICIOUS_MOVE = YES;
				CLANG_WARN_UNGUARDED_AVAILABILITY = YES_AGGRESSIVE;
				CLANG_WARN_UNREACHABLE_CODE = YES;
				CLANG_WARN__DUPLICATE_METHOD_MATCH = YES;
				COPY_PHASE_STRIP = NO;
				DEBUG_INFORMATION_FORMAT = dwarf;
				ENABLE_STRICT_OBJC_MSGSEND = YES;
				ENABLE_TESTABILITY = YES;
				GCC_C_LANGUAGE_STANDARD = gnu11;
				GCC_DYNAMIC_NO_PIC = NO;
				GCC_NO_COMMON_BLOCKS = YES;
				GCC_OPTIMIZATION_LEVEL = 0;
				GCC_PREPROCESSOR_DEFINITIONS = (
					"DEBUG=1",
					"$(inherited)",
				);
				GCC_WARN_64_TO_32_BIT_CONVERSION = YES;
				GCC_WARN_ABOUT_RETURN_TYPE = YES_ERROR;
				GCC_WARN_UNDECLARED_SELECTOR = YES;
				GCC_WARN_UNINITIALIZED_AUTOS = YES_AGGRESSIVE;
				GCC_WARN_UNUSED_FUNCTION = YES;
				GCC_WARN_UNUSED_VARIABLE = YES;
				IPHONEOS_DEPLOYMENT_TARGET = 13.5;
				MTL_ENABLE_DEBUG_INFO = INCLUDE_SOURCE;
				MTL_FAST_MATH = YES;
				ONLY_ACTIVE_ARCH = YES;
				SDKROOT = iphoneos;
				SWIFT_ACTIVE_COMPILATION_CONDITIONS = DEBUG;
				SWIFT_OPTIMIZATION_LEVEL = "-Onone";
			};
			name = Debug;
		};
		CF2F156924A56EC2008D917D /* Release */ = {
			isa = XCBuildConfiguration;
			buildSettings = {
				ALWAYS_SEARCH_USER_PATHS = NO;
				CLANG_ANALYZER_NONNULL = YES;
				CLANG_ANALYZER_NUMBER_OBJECT_CONVERSION = YES_AGGRESSIVE;
				CLANG_CXX_LANGUAGE_STANDARD = "gnu++14";
				CLANG_CXX_LIBRARY = "libc++";
				CLANG_ENABLE_MODULES = YES;
				CLANG_ENABLE_OBJC_ARC = YES;
				CLANG_ENABLE_OBJC_WEAK = YES;
				CLANG_WARN_BLOCK_CAPTURE_AUTORELEASING = YES;
				CLANG_WARN_BOOL_CONVERSION = YES;
				CLANG_WARN_COMMA = YES;
				CLANG_WARN_CONSTANT_CONVERSION = YES;
				CLANG_WARN_DEPRECATED_OBJC_IMPLEMENTATIONS = YES;
				CLANG_WARN_DIRECT_OBJC_ISA_USAGE = YES_ERROR;
				CLANG_WARN_DOCUMENTATION_COMMENTS = YES;
				CLANG_WARN_EMPTY_BODY = YES;
				CLANG_WARN_ENUM_CONVERSION = YES;
				CLANG_WARN_INFINITE_RECURSION = YES;
				CLANG_WARN_INT_CONVERSION = YES;
				CLANG_WARN_NON_LITERAL_NULL_CONVERSION = YES;
				CLANG_WARN_OBJC_IMPLICIT_RETAIN_SELF = YES;
				CLANG_WARN_OBJC_LITERAL_CONVERSION = YES;
				CLANG_WARN_OBJC_ROOT_CLASS = YES_ERROR;
				CLANG_WARN_RANGE_LOOP_ANALYSIS = YES;
				CLANG_WARN_STRICT_PROTOTYPES = YES;
				CLANG_WARN_SUSPICIOUS_MOVE = YES;
				CLANG_WARN_UNGUARDED_AVAILABILITY = YES_AGGRESSIVE;
				CLANG_WARN_UNREACHABLE_CODE = YES;
				CLANG_WARN__DUPLICATE_METHOD_MATCH = YES;
				COPY_PHASE_STRIP = NO;
				DEBUG_INFORMATION_FORMAT = "dwarf-with-dsym";
				ENABLE_NS_ASSERTIONS = NO;
				ENABLE_STRICT_OBJC_MSGSEND = YES;
				GCC_C_LANGUAGE_STANDARD = gnu11;
				GCC_NO_COMMON_BLOCKS = YES;
				GCC_WARN_64_TO_32_BIT_CONVERSION = YES;
				GCC_WARN_ABOUT_RETURN_TYPE = YES_ERROR;
				GCC_WARN_UNDECLARED_SELECTOR = YES;
				GCC_WARN_UNINITIALIZED_AUTOS = YES_AGGRESSIVE;
				GCC_WARN_UNUSED_FUNCTION = YES;
				GCC_WARN_UNUSED_VARIABLE = YES;
				IPHONEOS_DEPLOYMENT_TARGET = 13.5;
				MTL_ENABLE_DEBUG_INFO = NO;
				MTL_FAST_MATH = YES;
				SDKROOT = iphoneos;
				SWIFT_COMPILATION_MODE = wholemodule;
				SWIFT_OPTIMIZATION_LEVEL = "-O";
				VALIDATE_PRODUCT = YES;
			};
			name = Release;
		};
		CF2F156B24A56EC2008D917D /* Debug */ = {
			isa = XCBuildConfiguration;
			buildSettings = {
				ASSETCATALOG_COMPILER_APPICON_NAME = AppIcon;
				CODE_SIGN_STYLE = Automatic;
				INFOPLIST_FILE = NotesApp_Rakshith_C0776530/Info.plist;
				LD_RUNPATH_SEARCH_PATHS = (
					"$(inherited)",
					"@executable_path/Frameworks",
				);
				PRODUCT_BUNDLE_IDENTIFIER = "rakshith.NotesApp-Rakshith-C0776530";
				PRODUCT_NAME = "$(TARGET_NAME)";
				SWIFT_VERSION = 5.0;
				TARGETED_DEVICE_FAMILY = "1,2";
			};
			name = Debug;
		};
		CF2F156C24A56EC2008D917D /* Release */ = {
			isa = XCBuildConfiguration;
			buildSettings = {
				ASSETCATALOG_COMPILER_APPICON_NAME = AppIcon;
				CODE_SIGN_STYLE = Automatic;
				INFOPLIST_FILE = NotesApp_Rakshith_C0776530/Info.plist;
				LD_RUNPATH_SEARCH_PATHS = (
					"$(inherited)",
					"@executable_path/Frameworks",
				);
				PRODUCT_BUNDLE_IDENTIFIER = "rakshith.NotesApp-Rakshith-C0776530";
				PRODUCT_NAME = "$(TARGET_NAME)";
				SWIFT_VERSION = 5.0;
				TARGETED_DEVICE_FAMILY = "1,2";
			};
			name = Release;
		};
		CF2F156E24A56EC2008D917D /* Debug */ = {
			isa = XCBuildConfiguration;
			buildSettings = {
				ALWAYS_EMBED_SWIFT_STANDARD_LIBRARIES = YES;
				BUNDLE_LOADER = "$(TEST_HOST)";
				CODE_SIGN_STYLE = Automatic;
				INFOPLIST_FILE = NotesApp_Rakshith_C0776530Tests/Info.plist;
				IPHONEOS_DEPLOYMENT_TARGET = 13.5;
				LD_RUNPATH_SEARCH_PATHS = (
					"$(inherited)",
					"@executable_path/Frameworks",
					"@loader_path/Frameworks",
				);
				PRODUCT_BUNDLE_IDENTIFIER = "rakshith.NotesApp-Rakshith-C0776530Tests";
				PRODUCT_NAME = "$(TARGET_NAME)";
				SWIFT_VERSION = 5.0;
				TARGETED_DEVICE_FAMILY = "1,2";
				TEST_HOST = "$(BUILT_PRODUCTS_DIR)/NotesApp_Rakshith_C0776530.app/NotesApp_Rakshith_C0776530";
			};
			name = Debug;
		};
		CF2F156F24A56EC2008D917D /* Release */ = {
			isa = XCBuildConfiguration;
			buildSettings = {
				ALWAYS_EMBED_SWIFT_STANDARD_LIBRARIES = YES;
				BUNDLE_LOADER = "$(TEST_HOST)";
				CODE_SIGN_STYLE = Automatic;
				INFOPLIST_FILE = NotesApp_Rakshith_C0776530Tests/Info.plist;
				IPHONEOS_DEPLOYMENT_TARGET = 13.5;
				LD_RUNPATH_SEARCH_PATHS = (
					"$(inherited)",
					"@executable_path/Frameworks",
					"@loader_path/Frameworks",
				);
				PRODUCT_BUNDLE_IDENTIFIER = "rakshith.NotesApp-Rakshith-C0776530Tests";
				PRODUCT_NAME = "$(TARGET_NAME)";
				SWIFT_VERSION = 5.0;
				TARGETED_DEVICE_FAMILY = "1,2";
				TEST_HOST = "$(BUILT_PRODUCTS_DIR)/NotesApp_Rakshith_C0776530.app/NotesApp_Rakshith_C0776530";
			};
			name = Release;
		};
		CF2F157124A56EC2008D917D /* Debug */ = {
			isa = XCBuildConfiguration;
			buildSettings = {
				ALWAYS_EMBED_SWIFT_STANDARD_LIBRARIES = YES;
				CODE_SIGN_STYLE = Automatic;
				INFOPLIST_FILE = NotesApp_Rakshith_C0776530UITests/Info.plist;
				LD_RUNPATH_SEARCH_PATHS = (
					"$(inherited)",
					"@executable_path/Frameworks",
					"@loader_path/Frameworks",
				);
				PRODUCT_BUNDLE_IDENTIFIER = "rakshith.NotesApp-Rakshith-C0776530UITests";
				PRODUCT_NAME = "$(TARGET_NAME)";
				SWIFT_VERSION = 5.0;
				TARGETED_DEVICE_FAMILY = "1,2";
				TEST_TARGET_NAME = NotesApp_Rakshith_C0776530;
			};
			name = Debug;
		};
		CF2F157224A56EC2008D917D /* Release */ = {
			isa = XCBuildConfiguration;
			buildSettings = {
				ALWAYS_EMBED_SWIFT_STANDARD_LIBRARIES = YES;
				CODE_SIGN_STYLE = Automatic;
				INFOPLIST_FILE = NotesApp_Rakshith_C0776530UITests/Info.plist;
				LD_RUNPATH_SEARCH_PATHS = (
					"$(inherited)",
					"@executable_path/Frameworks",
					"@loader_path/Frameworks",
				);
				PRODUCT_BUNDLE_IDENTIFIER = "rakshith.NotesApp-Rakshith-C0776530UITests";
				PRODUCT_NAME = "$(TARGET_NAME)";
				SWIFT_VERSION = 5.0;
				TARGETED_DEVICE_FAMILY = "1,2";
				TEST_TARGET_NAME = NotesApp_Rakshith_C0776530;
			};
			name = Release;
		};
/* End XCBuildConfiguration section */

/* Begin XCConfigurationList section */
		CF2F153B24A56EC1008D917D /* Build configuration list for PBXProject "NotesApp_Rakshith_C0776530" */ = {
			isa = XCConfigurationList;
			buildConfigurations = (
				CF2F156824A56EC2008D917D /* Debug */,
				CF2F156924A56EC2008D917D /* Release */,
			);
			defaultConfigurationIsVisible = 0;
			defaultConfigurationName = Release;
		};
		CF2F156A24A56EC2008D917D /* Build configuration list for PBXNativeTarget "NotesApp_Rakshith_C0776530" */ = {
			isa = XCConfigurationList;
			buildConfigurations = (
				CF2F156B24A56EC2008D917D /* Debug */,
				CF2F156C24A56EC2008D917D /* Release */,
			);
			defaultConfigurationIsVisible = 0;
			defaultConfigurationName = Release;
		};
		CF2F156D24A56EC2008D917D /* Build configuration list for PBXNativeTarget "NotesApp_Rakshith_C0776530Tests" */ = {
			isa = XCConfigurationList;
			buildConfigurations = (
				CF2F156E24A56EC2008D917D /* Debug */,
				CF2F156F24A56EC2008D917D /* Release */,
			);
			defaultConfigurationIsVisible = 0;
			defaultConfigurationName = Release;
		};
		CF2F157024A56EC2008D917D /* Build configuration list for PBXNativeTarget "NotesApp_Rakshith_C0776530UITests" */ = {
			isa = XCConfigurationList;
			buildConfigurations = (
				CF2F157124A56EC2008D917D /* Debug */,
				CF2F157224A56EC2008D917D /* Release */,
			);
			defaultConfigurationIsVisible = 0;
			defaultConfigurationName = Release;
		};
/* End XCConfigurationList section */
	};
	rootObject = CF2F153824A56EC1008D917D /* Project object */;
}
